
Microsoft Visual Studio Solution File, Format Version 12.00
# Visual Studio Version 17
VisualStudioVersion = 17.4.33205.214
MinimumVisualStudioVersion = 10.0.40219.1
Project("{FAE04EC0-301F-11D3-BF4B-00C04F79EFBC}") = "Shine.CLI", "Shine.CLI\Shine.CLI.csproj", "{0395577E-6FF4-436E-906B-708897E25A9C}"
EndProject
Project("{FAE04EC0-301F-11D3-BF4B-00C04F79EFBC}") = "Shine.Core", "Shine.Core\Shine.Core.csproj", "{15AD3BF6-F119-4365-BF98-DF5E5FB6251E}"
EndProject
Project("{FAE04EC0-301F-11D3-BF4B-00C04F79EFBC}") = "Shine.Logging", "Shine.Logging\Shine.Logging.csproj", "{4907884F-55E3-42B6-83FA-B72261BA829E}"
EndProject
Global
	GlobalSection(SolutionConfigurationPlatforms) = preSolution
		Debug|Any CPU = Debug|Any CPU
		Release|Any CPU = Release|Any CPU
	EndGlobalSection
	GlobalSection(ProjectConfigurationPlatforms) = postSolution
		{0395577E-6FF4-436E-906B-708897E25A9C}.Debug|Any CPU.ActiveCfg = Debug|Any CPU
		{0395577E-6FF4-436E-906B-708897E25A9C}.Debug|Any CPU.Build.0 = Debug|Any CPU
		{0395577E-6FF4-436E-906B-708897E25A9C}.Release|Any CPU.ActiveCfg = Release|Any CPU
		{0395577E-6FF4-436E-906B-708897E25A9C}.Release|Any CPU.Build.0 = Release|Any CPU
		{15AD3BF6-F119-4365-BF98-DF5E5FB6251E}.Debug|Any CPU.ActiveCfg = Debug|Any CPU
		{15AD3BF6-F119-4365-BF98-DF5E5FB6251E}.Debug|Any CPU.Build.0 = Debug|Any CPU
		{15AD3BF6-F119-4365-BF98-DF5E5FB6251E}.Release|Any CPU.ActiveCfg = Release|Any CPU
		{15AD3BF6-F119-4365-BF98-DF5E5FB6251E}.Release|Any CPU.Build.0 = Release|Any CPU
		{4907884F-55E3-42B6-83FA-B72261BA829E}.Debug|Any CPU.ActiveCfg = Debug|Any CPU
		{4907884F-55E3-42B6-83FA-B72261BA829E}.Debug|Any CPU.Build.0 = Debug|Any CPU
		{4907884F-55E3-42B6-83FA-B72261BA829E}.Release|Any CPU.ActiveCfg = Release|Any CPU
		{4907884F-55E3-42B6-83FA-B72261BA829E}.Release|Any CPU.Build.0 = Release|Any CPU
	EndGlobalSection
	GlobalSection(SolutionProperties) = preSolution
		HideSolutionNode = FALSE
	EndGlobalSection
	GlobalSection(ExtensibilityGlobals) = postSolution
		SolutionGuid = {19BBE3F3-B603-47A0-AB5F-BC855793B7D1}
	EndGlobalSection
EndGlobal
